{
  "pins" : [
    {
      "identity" : "swift-argument-parser",
      "kind" : "remoteSourceControl",
      "location" : "https://github.com/apple/swift-argument-parser",
      "state" : {
        "revision" : "9f39744e025c7d377987f30b03770805dcb0bcd1",
        "version" : "1.1.4"
      }
    },
    {
      "identity" : "xayn_swift_sdk",
      "kind" : "remoteSourceControl",
      "location" : "https://github.com/xaynetwork/xayn_swift_sdk",
      "state" : {
        "revision" : "36c9a1c1500f6e521770dafca8f844516b766f84",
        "version" : "1.0.6"
      }
    }
  ],
  "version" : 2
}
