{
  "pins" : [
    {
      "identity" : "swift-argument-parser",
      "kind" : "remoteSourceControl",
      "location" : "https://github.com/apple/swift-argument-parser",
      "state" : {
        "revision" : "9f39744e025c7d377987f30b03770805dcb0bcd1",
        "version" : "1.1.4"
      }
    },
    {
      "identity" : "xayn_swift_sdk",
      "kind" : "remoteSourceControl",
      "location" : "https://github.com/xaynetwork/xayn_swift_sdk",
      "state" : {
        "revision" : "09372e866be840c464b43066170e3e069b6a868e",
        "version" : "1.0.4"
      }
    }
  ],
  "version" : 2
}
